<?xml version="1.0" encoding="utf-8"?>
<Project ToolsVersion="4.0" xmlns="http://schemas.microsoft.com/developer/msbuild/2003">
  <ItemGroup>
    <Filter Include="Source Files">
      <UniqueIdentifier>{4FC737F1-C7A5-4376-A066-2A32D752A2FF}</UniqueIdentifier>
      <Extensions>cpp;c;cc;cxx;def;odl;idl;hpj;bat;asm;asmx</Extensions>
    </Filter>
    <Filter Include="Header Files">
      <UniqueIdentifier>{93995380-89BD-4b04-88EB-625FBE52EBFB}</UniqueIdentifier>
      <Extensions>h;hh;hpp;hxx;hm;inl;inc;xsd</Extensions>
    </Filter>
    <Filter Include="Resource Files">
      <UniqueIdentifier>{67DA6AB6-F800-4c08-8B7A-83BB121AAD01}</UniqueIdentifier>
      <Extensions>rc;ico;cur;bmp;dlg;rc2;rct;bin;rgs;gif;jpg;jpeg;jpe;resx;tiff;tif;png;wav;mfcribbon-ms</Extensions>
    </Filter>
  </ItemGroup>
  <ItemGroup>
    <Text Include="ReadMe.txt" />
  </ItemGroup>
  <ItemGroup>
    <ClInclude Include="XTPApplication1.h">
      <Filter>Header Files</Filter>
    </ClInclude>
    <ClInclude Include="stdafx.h">
      <Filter>Header Files</Filter>
    </ClInclude>
    <ClInclude Include="targetver.h">
      <Filter>Header Files</Filter>
    </ClInclude>
    <ClInclude Include="MainFrm.h">
      <Filter>Header Files</Filter>
    </ClInclude>
    <ClInclude Include="ChildFrm.h">
      <Filter>Header Files</Filter>
    </ClInclude>
    <ClInclude Include="XTPApplication1Doc.h">
      <Filter>Header Files</Filter>
    </ClInclude>
    <ClInclude Include="XTPApplication1View.h">
      <Filter>Header Files</Filter>
    </ClInclude>
    <ClInclude Include="Resource.h">
      <Filter>Header Files</Filter>
    </ClInclude>
    <ClInclude Include="CustomizePageGeneral.h">
      <Filter>Header Files</Filter>
    </ClInclude>
  </ItemGroup>
  <ItemGroup>
    <ClCompile Include="XTPApplication1.cpp">
      <Filter>Source Files</Filter>
    </ClCompile>
    <ClCompile Include="stdafx.cpp">
      <Filter>Source Files</Filter>
    </ClCompile>
    <ClCompile Include="MainFrm.cpp">
      <Filter>Source Files</Filter>
    </ClCompile>
    <ClCompile Include="ChildFrm.cpp">
      <Filter>Source Files</Filter>
    </ClCompile>
    <ClCompile Include="XTPApplication1Doc.cpp">
      <Filter>Source Files</Filter>
    </ClCompile>
    <ClCompile Include="XTPApplication1View.cpp">
      <Filter>Source Files</Filter>
    </ClCompile>
    <ClCompile Include="CustomizePageGeneral.cpp">
      <Filter>Source Files</Filter>
    </ClCompile>
  </ItemGroup>
  <ItemGroup>
    <Image Include="res\pages.bmp">
      <Filter>Resource Files</Filter>
    </Image>
    <Image Include="res\pages_hc.bmp">
      <Filter>Resource Files</Filter>
    </Image>
    <Image Include="res\pages_small.bmp">
      <Filter>Resource Files</Filter>
    </Image>
    <Image Include="res\pages_small_hc.bmp">
      <Filter>Resource Files</Filter>
    </Image>
    <Image Include="res\buttons.bmp">
      <Filter>Resource Files</Filter>
    </Image>
    <Image Include="res\filelarge.bmp">
      <Filter>Resource Files</Filter>
    </Image>
    <Image Include="res\filesmall.bmp">
      <Filter>Resource Files</Filter>
    </Image>
    <Image Include="res\writesmall.bmp">
      <Filter>Resource Files</Filter>
    </Image>
    <Image Include="res\XTPApplication1Doc.ico">
      <Filter>Resource Files</Filter>
    </Image>
    <Image Include="res\XTPApplication1.ico">
      <Filter>Resource Files</Filter>
    </Image>
    <Image Include="res\Toolbar.bmp">
      <Filter>Resource Files</Filter>
    </Image>
    <Image Include="res\shiny-gear.png">
      <Filter>Resource Files</Filter>
    </Image>
    <Image Include="res\OptionsIconGeneral.png">
      <Filter>Resource Files</Filter>
    </Image>
    <Image Include="res\PaneProperties.bmp">
      <Filter>Resource Files</Filter>
    </Image>
    <Image Include="res\PanePropertiesDark.bmp">
      <Filter>Resource Files</Filter>
    </Image>
    <Image Include="res\PanePropertiesLight.bmp">
      <Filter>Resource Files</Filter>
    </Image>
    <Image Include="res\SolutionExplorerPane.bmp">
      <Filter>Resource Files</Filter>
    </Image>
    <Image Include="res\SolutionExplorerPaneDark.bmp">
      <Filter>Resource Files</Filter>
    </Image>
    <Image Include="res\SolutionExplorerPaneLight.bmp">
      <Filter>Resource Files</Filter>
    </Image>
    <Image Include="res\ThemeBar.png">
      <Filter>Resource Files</Filter>
    </Image>
    <Image Include="res\ThemeBarDark.png">
      <Filter>Resource Files</Filter>
    </Image>
    <Image Include="res\ThemeBarLight.png">
      <Filter>Resource Files</Filter>
    </Image>
    <Image Include="res\Toolbar.png">
      <Filter>Resource Files</Filter>
    </Image>
    <Image Include="res\ToolbarDark.png">
      <Filter>Resource Files</Filter>
    </Image>
    <Image Include="res\ToolbarLight.png">
      <Filter>Resource Files</Filter>
    </Image>
    <Image Include="res\Toolbox.bmp">
      <Filter>Resource Files</Filter>
    </Image>
    <Image Include="res\ToolboxDark.bmp">
      <Filter>Resource Files</Filter>
    </Image>
    <Image Include="res\ToolboxLight.bmp">
      <Filter>Resource Files</Filter>
    </Image>
    <Image Include="res\Web.png">
      <Filter>Resource Files</Filter>
    </Image>
    <Image Include="res\WebDark.png">
      <Filter>Resource Files</Filter>
    </Image>
    <Image Include="res\WebLight.png">
      <Filter>Resource Files</Filter>
    </Image>
    <Image Include="res\writelarge.png">
      <Filter>Resource Files</Filter>
    </Image>
    <Image Include="res\writesmall.png">
      <Filter>Resource Files</Filter>
    </Image>
    <None Include="res\ribbon.mfcribbon-ms">
      <Filter>Resource Files</Filter>
    </None>
    <None Include="res\XTPApplication1.rc2">
      <Filter>Resource Files</Filter>
    </None>
    <None Include="res\dynamic_help.htm">
      <Filter>Resource Files</Filter>
    </None>
    <None Include="res\XTPApplication1.htm">
      <Filter>Resource Files</Filter>
    </None>
    <None Include="res\Feedback.rtf">
      <Filter>Resource Files</Filter>
    </None>
  </ItemGroup>
  <ItemGroup>
    <ResourceCompile Include="XTPApplication1.rc">
      <Filter>Source Files</Filter>
    </ResourceCompile>
  </ItemGroup>
  <ItemGroup>
    <None Include="packages.config" />
  </ItemGroup>
</Project>